
Microsoft Visual Studio Solution File, Format Version 12.00
# Visual Studio 15
VisualStudioVersion = 15.0.26430.13
MinimumVisualStudioVersion = 10.0.40219.1
Project("{FAE04EC0-301F-11D3-BF4B-00C04F79EFBC}") = "SanEscobar.Domain.Core", "SanEscobar.Domain.Core.csproj", "{158A9DCD-C9DF-4D6E-9DEF-614E49AAB450}"
EndProject
Project("{FAE04EC0-301F-11D3-BF4B-00C04F79EFBC}") = "SanEscobar.Domain.Core.UnitTests", "..\SanEscobar.Domain.Core.UnitTests\SanEscobar.Domain.Core.UnitTests.csproj", "{0AB426F9-FF8B-4768-B038-8E188982343D}"
EndProject
Global
	GlobalSection(SolutionConfigurationPlatforms) = preSolution
		Debug|Any CPU = Debug|Any CPU
		Release|Any CPU = Release|Any CPU
	EndGlobalSection
	GlobalSection(ProjectConfigurationPlatforms) = postSolution
		{158A9DCD-C9DF-4D6E-9DEF-614E49AAB450}.Debug|Any CPU.ActiveCfg = Debug|Any CPU
		{158A9DCD-C9DF-4D6E-9DEF-614E49AAB450}.Debug|Any CPU.Build.0 = Debug|Any CPU
		{158A9DCD-C9DF-4D6E-9DEF-614E49AAB450}.Release|Any CPU.ActiveCfg = Release|Any CPU
		{158A9DCD-C9DF-4D6E-9DEF-614E49AAB450}.Release|Any CPU.Build.0 = Release|Any CPU
		{0AB426F9-FF8B-4768-B038-8E188982343D}.Debug|Any CPU.ActiveCfg = Debug|Any CPU
		{0AB426F9-FF8B-4768-B038-8E188982343D}.Debug|Any CPU.Build.0 = Debug|Any CPU
		{0AB426F9-FF8B-4768-B038-8E188982343D}.Release|Any CPU.ActiveCfg = Release|Any CPU
		{0AB426F9-FF8B-4768-B038-8E188982343D}.Release|Any CPU.Build.0 = Release|Any CPU
	EndGlobalSection
	GlobalSection(SolutionProperties) = preSolution
		HideSolutionNode = FALSE
	EndGlobalSection
EndGlobal
